
Microsoft Visual Studio Solution File, Format Version 12.00
# Visual Studio 15
VisualStudioVersion = 15.0.26403.7
MinimumVisualStudioVersion = 10.0.40219.1
Project("{8BC9CEB8-8B4A-11D0-8D11-00A0C91BC942}") = "static", "static\static.vcxproj", "{76538A02-62BA-4F86-B3E2-0AC2516826EF}"
EndProject
Project("{8BC9CEB8-8B4A-11D0-8D11-00A0C91BC942}") = "静态局部变量", "静态局部变量\静态局部变量.vcxproj", "{AC737B9C-8AED-489C-AC03-AE043CCF36E3}"
EndProject
Global
	GlobalSection(SolutionConfigurationPlatforms) = preSolution
		Debug|x64 = Debug|x64
		Debug|x86 = Debug|x86
		Release|x64 = Release|x64
		Release|x86 = Release|x86
	EndGlobalSection
	GlobalSection(ProjectConfigurationPlatforms) = postSolution
		{76538A02-62BA-4F86-B3E2-0AC2516826EF}.Debug|x64.ActiveCfg = Debug|x64
		{76538A02-62BA-4F86-B3E2-0AC2516826EF}.Debug|x64.Build.0 = Debug|x64
		{76538A02-62BA-4F86-B3E2-0AC2516826EF}.Debug|x86.ActiveCfg = Debug|Win32
		{76538A02-62BA-4F86-B3E2-0AC2516826EF}.Debug|x86.Build.0 = Debug|Win32
		{76538A02-62BA-4F86-B3E2-0AC2516826EF}.Release|x64.ActiveCfg = Release|x64
		{76538A02-62BA-4F86-B3E2-0AC2516826EF}.Release|x64.Build.0 = Release|x64
		{76538A02-62BA-4F86-B3E2-0AC2516826EF}.Release|x86.ActiveCfg = Release|Win32
		{76538A02-62BA-4F86-B3E2-0AC2516826EF}.Release|x86.Build.0 = Release|Win32
		{AC737B9C-8AED-489C-AC03-AE043CCF36E3}.Debug|x64.ActiveCfg = Debug|x64
		{AC737B9C-8AED-489C-AC03-AE043CCF36E3}.Debug|x64.Build.0 = Debug|x64
		{AC737B9C-8AED-489C-AC03-AE043CCF36E3}.Debug|x86.ActiveCfg = Debug|Win32
		{AC737B9C-8AED-489C-AC03-AE043CCF36E3}.Debug|x86.Build.0 = Debug|Win32
		{AC737B9C-8AED-489C-AC03-AE043CCF36E3}.Release|x64.ActiveCfg = Release|x64
		{AC737B9C-8AED-489C-AC03-AE043CCF36E3}.Release|x64.Build.0 = Release|x64
		{AC737B9C-8AED-489C-AC03-AE043CCF36E3}.Release|x86.ActiveCfg = Release|Win32
		{AC737B9C-8AED-489C-AC03-AE043CCF36E3}.Release|x86.Build.0 = Release|Win32
	EndGlobalSection
	GlobalSection(SolutionProperties) = preSolution
		HideSolutionNode = FALSE
	EndGlobalSection
EndGlobal
