
Microsoft Visual Studio Solution File, Format Version 12.00
# Visual Studio 15
VisualStudioVersion = 15.0.26403.7
MinimumVisualStudioVersion = 10.0.40219.1
Project("{8BC9CEB8-8B4A-11D0-8D11-00A0C91BC942}") = "哈希表", "哈希表\哈希表.vcxproj", "{803BE809-5FD8-4B60-8C39-420CAD088F16}"
EndProject
Project("{8BC9CEB8-8B4A-11D0-8D11-00A0C91BC942}") = "csdnHash", "csdnHash\csdnHash.vcxproj", "{802EA3DE-4C03-4B34-B994-665122C5895D}"
EndProject
Global
	GlobalSection(SolutionConfigurationPlatforms) = preSolution
		Debug|x64 = Debug|x64
		Debug|x86 = Debug|x86
		Release|x64 = Release|x64
		Release|x86 = Release|x86
	EndGlobalSection
	GlobalSection(ProjectConfigurationPlatforms) = postSolution
		{803BE809-5FD8-4B60-8C39-420CAD088F16}.Debug|x64.ActiveCfg = Debug|x64
		{803BE809-5FD8-4B60-8C39-420CAD088F16}.Debug|x64.Build.0 = Debug|x64
		{803BE809-5FD8-4B60-8C39-420CAD088F16}.Debug|x86.ActiveCfg = Debug|Win32
		{803BE809-5FD8-4B60-8C39-420CAD088F16}.Debug|x86.Build.0 = Debug|Win32
		{803BE809-5FD8-4B60-8C39-420CAD088F16}.Release|x64.ActiveCfg = Release|x64
		{803BE809-5FD8-4B60-8C39-420CAD088F16}.Release|x64.Build.0 = Release|x64
		{803BE809-5FD8-4B60-8C39-420CAD088F16}.Release|x86.ActiveCfg = Release|Win32
		{803BE809-5FD8-4B60-8C39-420CAD088F16}.Release|x86.Build.0 = Release|Win32
		{802EA3DE-4C03-4B34-B994-665122C5895D}.Debug|x64.ActiveCfg = Debug|x64
		{802EA3DE-4C03-4B34-B994-665122C5895D}.Debug|x64.Build.0 = Debug|x64
		{802EA3DE-4C03-4B34-B994-665122C5895D}.Debug|x86.ActiveCfg = Debug|Win32
		{802EA3DE-4C03-4B34-B994-665122C5895D}.Debug|x86.Build.0 = Debug|Win32
		{802EA3DE-4C03-4B34-B994-665122C5895D}.Release|x64.ActiveCfg = Release|x64
		{802EA3DE-4C03-4B34-B994-665122C5895D}.Release|x64.Build.0 = Release|x64
		{802EA3DE-4C03-4B34-B994-665122C5895D}.Release|x86.ActiveCfg = Release|Win32
		{802EA3DE-4C03-4B34-B994-665122C5895D}.Release|x86.Build.0 = Release|Win32
	EndGlobalSection
	GlobalSection(SolutionProperties) = preSolution
		HideSolutionNode = FALSE
	EndGlobalSection
EndGlobal
